{
  "nodes": {
    "auto-openapi-tests": {
      "inputs": {
        "flake-utils": "flake-utils_2",
        "nix-filter": "nix-filter_2",
        "nixpkgs": "nixpkgs_2"
      },
      "locked": {
        "lastModified": 1693229244,
        "narHash": "sha256-o3DBGPf1M6FjPxUUxyTRHT6EFPTFuLStTH8O8fx005o=",
        "owner": "openeduhub",
        "repo": "auto-openapi-tests",
        "rev": "ac7fbd16a00638834ad7f565f34390f8d31a44ac",
        "type": "github"
      },
      "original": {
        "owner": "openeduhub",
        "repo": "auto-openapi-tests",
        "type": "github"
      }
    },
    "flake-utils": {
      "inputs": {
        "systems": "systems"
      },
      "locked": {
        "lastModified": 1689068808,
        "narHash": "sha256-6ixXo3wt24N/melDWjq70UuHQLxGV8jZvooRanIHXw0=",
        "owner": "numtide",
        "repo": "flake-utils",
        "rev": "919d646de7be200f3bf08cb76ae1f09402b6f9b4",
        "type": "github"
      },
      "original": {
        "owner": "numtide",
        "repo": "flake-utils",
        "type": "github"
      }
    },
    "flake-utils_2": {
      "inputs": {
        "systems": "systems_2"
      },
      "locked": {
        "lastModified": 1692799911,
        "narHash": "sha256-3eihraek4qL744EvQXsK1Ha6C3CR7nnT8X2qWap4RNk=",
        "owner": "numtide",
        "repo": "flake-utils",
        "rev": "f9e7cf818399d17d347f847525c5a5a8032e4e44",
        "type": "github"
      },
      "original": {
        "owner": "numtide",
        "repo": "flake-utils",
        "type": "github"
      }
    },
    "nix-filter": {
      "locked": {
        "lastModified": 1687178632,
        "narHash": "sha256-HS7YR5erss0JCaUijPeyg2XrisEb959FIct3n2TMGbE=",
        "owner": "numtide",
        "repo": "nix-filter",
        "rev": "d90c75e8319d0dd9be67d933d8eb9d0894ec9174",
        "type": "github"
      },
      "original": {
        "owner": "numtide",
        "repo": "nix-filter",
        "type": "github"
      }
    },
    "nix-filter_2": {
      "locked": {
        "lastModified": 1687178632,
        "narHash": "sha256-HS7YR5erss0JCaUijPeyg2XrisEb959FIct3n2TMGbE=",
        "owner": "numtide",
        "repo": "nix-filter",
        "rev": "d90c75e8319d0dd9be67d933d8eb9d0894ec9174",
        "type": "github"
      },
      "original": {
        "owner": "numtide",
        "repo": "nix-filter",
        "type": "github"
      }
    },
    "nixpkgs": {
      "locked": {
        "lastModified": 1692134936,
        "narHash": "sha256-Z68O969cioC6I3k/AFBxsuEwpJwt4l9fzwuAMUhCCs0=",
        "owner": "NixOS",
        "repo": "nixpkgs",
        "rev": "bfd953b2c6de4f550f75461bcc5768b6f966be10",
        "type": "github"
      },
      "original": {
        "owner": "NixOS",
        "ref": "nixos-23.05",
        "repo": "nixpkgs",
        "type": "github"
      }
    },
    "nixpkgs-unstable": {
      "locked": {
        "lastModified": 1693099187,
        "narHash": "sha256-FXCc6OIghv9k4xYOhSMZI6bj7o56S8BJKzKtTKzdUVQ=",
        "owner": "nixos",
        "repo": "nixpkgs",
        "rev": "cf2004afe4d4b95a295c63c911e949e40915eedb",
        "type": "github"
      },
      "original": {
        "owner": "nixos",
        "ref": "nixos-unstable",
        "repo": "nixpkgs",
        "type": "github"
      }
    },
    "nixpkgs_2": {
      "locked": {
        "lastModified": 1692808169,
        "narHash": "sha256-x9Opq06rIiwdwGeK2Ykj69dNc2IvUH1fY55Wm7atwrE=",
        "owner": "nixos",
        "repo": "nixpkgs",
        "rev": "9201b5ff357e781bf014d0330d18555695df7ba8",
        "type": "github"
      },
      "original": {
        "owner": "nixos",
        "ref": "nixpkgs-unstable",
        "repo": "nixpkgs",
        "type": "github"
      }
    },
    "openapi-checks": {
      "inputs": {
        "auto-openapi-tests": "auto-openapi-tests",
        "flake-utils": [
          "flake-utils"
        ],
        "nixpkgs": [
          "nixpkgs"
        ],
        "nixpkgs-unstable": "nixpkgs-unstable"
      },
      "locked": {
        "lastModified": 1693231533,
        "narHash": "sha256-H2192MQN5yMnyaPhqtKBC2YEdQMAxfUtG5/43MG1Ts8=",
        "owner": "openeduhub",
        "repo": "nix-openapi-checks",
        "rev": "40b0ebb7bc17ca81538e96a10704cabf3a99ca80",
        "type": "github"
      },
      "original": {
        "owner": "openeduhub",
        "repo": "nix-openapi-checks",
        "type": "github"
      }
    },
    "root": {
      "inputs": {
        "flake-utils": "flake-utils",
        "nix-filter": "nix-filter",
        "nixpkgs": "nixpkgs",
        "openapi-checks": "openapi-checks"
      }
    },
    "systems": {
      "locked": {
        "lastModified": 1681028828,
        "narHash": "sha256-Vy1rq5AaRuLzOxct8nz4T6wlgyUR7zLU309k9mBC768=",
        "owner": "nix-systems",
        "repo": "default",
        "rev": "da67096a3b9bf56a91d16901293e51ba5b49a27e",
        "type": "github"
      },
      "original": {
        "owner": "nix-systems",
        "repo": "default",
        "type": "github"
      }
    },
    "systems_2": {
      "locked": {
        "lastModified": 1681028828,
        "narHash": "sha256-Vy1rq5AaRuLzOxct8nz4T6wlgyUR7zLU309k9mBC768=",
        "owner": "nix-systems",
        "repo": "default",
        "rev": "da67096a3b9bf56a91d16901293e51ba5b49a27e",
        "type": "github"
      },
      "original": {
        "owner": "nix-systems",
        "repo": "default",
        "type": "github"
      }
    }
  },
  "root": "root",
  "version": 7
}
